
Microsoft Visual Studio Solution File, Format Version 12.00
# Visual Studio Version 16
VisualStudioVersion = 16.0.34031.81
MinimumVisualStudioVersion = 10.0.40219.1
Project("{FAE04EC0-301F-11D3-BF4B-00C04F79EFBC}") = "BT1", "BT1\BT1.csproj", "{68065A07-B0A8-4DB7-90C9-AB2BEA350C25}"
EndProject
Global
	GlobalSection(SolutionConfigurationPlatforms) = preSolution
		Debug|Any CPU = Debug|Any CPU
		Release|Any CPU = Release|Any CPU
	EndGlobalSection
	GlobalSection(ProjectConfigurationPlatforms) = postSolution
		{68065A07-B0A8-4DB7-90C9-AB2BEA350C25}.Debug|Any CPU.ActiveCfg = Debug|Any CPU
		{68065A07-B0A8-4DB7-90C9-AB2BEA350C25}.Debug|Any CPU.Build.0 = Debug|Any CPU
		{68065A07-B0A8-4DB7-90C9-AB2BEA350C25}.Release|Any CPU.ActiveCfg = Release|Any CPU
		{68065A07-B0A8-4DB7-90C9-AB2BEA350C25}.Release|Any CPU.Build.0 = Release|Any CPU
	EndGlobalSection
	GlobalSection(SolutionProperties) = preSolution
		HideSolutionNode = FALSE
	EndGlobalSection
	GlobalSection(ExtensibilityGlobals) = postSolution
		SolutionGuid = {E9630C17-A9B1-4BCE-9F06-3D008BAB932C}
	EndGlobalSection
EndGlobal
